// !$*UTF8*$!
{
	archiveVersion = 1;
	classes = {
	};
	objectVersion = 50;
	objects = {

/* Begin PBXBuildFile section */
		CD78AE56258178B70089F798 /* ZipcodeBindManager.swift in Sources */ = {isa = PBXBuildFile; fileRef = CD78AE55258178B70089F798 /* ZipcodeBindManager.swift */; };
		CD78AE5C2583EC040089F798 /* MapView.swift in Sources */ = {isa = PBXBuildFile; fileRef = CD78AE5B2583EC040089F798 /* MapView.swift */; };
		CD91959B25FFBD59007DC224 /* ListView.swift in Sources */ = {isa = PBXBuildFile; fileRef = CD91959A25FFBD59007DC224 /* ListView.swift */; };
		CD9195A125FFC443007DC224 /* DetailView.swift in Sources */ = {isa = PBXBuildFile; fileRef = CD9195A025FFC443007DC224 /* DetailView.swift */; };
		CD9DA5F4257EA9700063EA39 /* Tests_iOS.swift in Sources */ = {isa = PBXBuildFile; fileRef = CD9DA5F3257EA9700063EA39 /* Tests_iOS.swift */; };
		CD9DA601257EA9700063EA39 /* VaccineNowApp.swift in Sources */ = {isa = PBXBuildFile; fileRef = CD9DA5D8257EA9700063EA39 /* VaccineNowApp.swift */; };
		CD9DA603257EA9700063EA39 /* ContentView.swift in Sources */ = {isa = PBXBuildFile; fileRef = CD9DA5D9257EA9700063EA39 /* ContentView.swift */; };
		CD9DA605257EA9700063EA39 /* Assets.xcassets in Resources */ = {isa = PBXBuildFile; fileRef = CD9DA5DA257EA9700063EA39 /* Assets.xcassets */; };
		CD9DA62225813BE20063EA39 /* Launch Screen.storyboard in Resources */ = {isa = PBXBuildFile; fileRef = CD9DA62125813BE20063EA39 /* Launch Screen.storyboard */; };
/* End PBXBuildFile section */

/* Begin PBXContainerItemProxy section */
		CD9DA5F0257EA9700063EA39 /* PBXContainerItemProxy */ = {
			isa = PBXContainerItemProxy;
			containerPortal = CD9DA5D3257EA96F0063EA39 /* Project object */;
			proxyType = 1;
			remoteGlobalIDString = CD9DA5DE257EA9700063EA39;
			remoteInfo = "VaccineNow (iOS)";
		};
/* End PBXContainerItemProxy section */

/* Begin PBXFileReference section */
		CD78AE55258178B70089F798 /* ZipcodeBindManager.swift */ = {isa = PBXFileReference; lastKnownFileType = sourcecode.swift; path = ZipcodeBindManager.swift; sourceTree = "<group>"; };
		CD78AE5B2583EC040089F798 /* MapView.swift */ = {isa = PBXFileReference; lastKnownFileType = sourcecode.swift; path = MapView.swift; sourceTree = "<group>"; };
		CD91959A25FFBD59007DC224 /* ListView.swift */ = {isa = PBXFileReference; lastKnownFileType = sourcecode.swift; path = ListView.swift; sourceTree = "<group>"; };
		CD9195A025FFC443007DC224 /* DetailView.swift */ = {isa = PBXFileReference; lastKnownFileType = sourcecode.swift; path = DetailView.swift; sourceTree = "<group>"; };
		CD9DA5D8257EA9700063EA39 /* VaccineNowApp.swift */ = {isa = PBXFileReference; lastKnownFileType = sourcecode.swift; path = VaccineNowApp.swift; sourceTree = "<group>"; };
		CD9DA5D9257EA9700063EA39 /* ContentView.swift */ = {isa = PBXFileReference; lastKnownFileType = sourcecode.swift; path = ContentView.swift; sourceTree = "<group>"; };
		CD9DA5DA257EA9700063EA39 /* Assets.xcassets */ = {isa = PBXFileReference; lastKnownFileType = folder.assetcatalog; path = Assets.xcassets; sourceTree = "<group>"; };
		CD9DA5DF257EA9700063EA39 /* VaccineNow.app */ = {isa = PBXFileReference; explicitFileType = wrapper.application; includeInIndex = 0; path = VaccineNow.app; sourceTree = BUILT_PRODUCTS_DIR; };
		CD9DA5E2257EA9700063EA39 /* Info.plist */ = {isa = PBXFileReference; lastKnownFileType = text.plist.xml; path = Info.plist; sourceTree = "<group>"; };
		CD9DA5E9257EA9700063EA39 /* Info.plist */ = {isa = PBXFileReference; lastKnownFileType = text.plist.xml; path = Info.plist; sourceTree = "<group>"; };
		CD9DA5EA257EA9700063EA39 /* macOS.entitlements */ = {isa = PBXFileReference; lastKnownFileType = text.plist.entitlements; path = macOS.entitlements; sourceTree = "<group>"; };
		CD9DA5EF257EA9700063EA39 /* Tests iOS.xctest */ = {isa = PBXFileReference; explicitFileType = wrapper.cfbundle; includeInIndex = 0; path = "Tests iOS.xctest"; sourceTree = BUILT_PRODUCTS_DIR; };
		CD9DA5F3257EA9700063EA39 /* Tests_iOS.swift */ = {isa = PBXFileReference; lastKnownFileType = sourcecode.swift; path = Tests_iOS.swift; sourceTree = "<group>"; };
		CD9DA5F5257EA9700063EA39 /* Info.plist */ = {isa = PBXFileReference; lastKnownFileType = text.plist.xml; path = Info.plist; sourceTree = "<group>"; };
		CD9DA5FE257EA9700063EA39 /* Tests_macOS.swift */ = {isa = PBXFileReference; lastKnownFileType = sourcecode.swift; path = Tests_macOS.swift; sourceTree = "<group>"; };
		CD9DA600257EA9700063EA39 /* Info.plist */ = {isa = PBXFileReference; lastKnownFileType = text.plist.xml; path = Info.plist; sourceTree = "<group>"; };
		CD9DA62125813BE20063EA39 /* Launch Screen.storyboard */ = {isa = PBXFileReference; lastKnownFileType = file.storyboard; path = "Launch Screen.storyboard"; sourceTree = "<group>"; };
/* End PBXFileReference section */

/* Begin PBXFrameworksBuildPhase section */
		CD9DA5DC257EA9700063EA39 /* Frameworks */ = {
			isa = PBXFrameworksBuildPhase;
			buildActionMask = 2147483647;
			files = (
			);
			runOnlyForDeploymentPostprocessing = 0;
		};
		CD9DA5EC257EA9700063EA39 /* Frameworks */ = {
			isa = PBXFrameworksBuildPhase;
			buildActionMask = 2147483647;
			files = (
			);
			runOnlyForDeploymentPostprocessing = 0;
		};
/* End PBXFrameworksBuildPhase section */

/* Begin PBXGroup section */
		CD4320C22600F96700328863 /* Manager */ = {
			isa = PBXGroup;
			children = (
				CD78AE55258178B70089F798 /* ZipcodeBindManager.swift */,
			);
			path = Manager;
			sourceTree = "<group>";
		};
		CD4320C32600F97E00328863 /* Views */ = {
			isa = PBXGroup;
			children = (
				CD9DA5D9257EA9700063EA39 /* ContentView.swift */,
				CD78AE5B2583EC040089F798 /* MapView.swift */,
				CD91959A25FFBD59007DC224 /* ListView.swift */,
				CD9195A025FFC443007DC224 /* DetailView.swift */,
			);
			path = Views;
			sourceTree = "<group>";
		};
		CD9DA5D2257EA96F0063EA39 = {
			isa = PBXGroup;
			children = (
				CD9DA5D7257EA9700063EA39 /* Shared */,
				CD9DA5E1257EA9700063EA39 /* iOS */,
				CD9DA5E8257EA9700063EA39 /* macOS */,
				CD9DA5F2257EA9700063EA39 /* Tests iOS */,
				CD9DA5FD257EA9700063EA39 /* Tests macOS */,
				CD9DA5E0257EA9700063EA39 /* Products */,
			);
			sourceTree = "<group>";
		};
		CD9DA5D7257EA9700063EA39 /* Shared */ = {
			isa = PBXGroup;
			children = (
				CD9DA5D8257EA9700063EA39 /* VaccineNowApp.swift */,
				CD4320C32600F97E00328863 /* Views */,
				CD4320C22600F96700328863 /* Manager */,
				CD9DA5DA257EA9700063EA39 /* Assets.xcassets */,
				CD9DA62125813BE20063EA39 /* Launch Screen.storyboard */,
			);
			path = Shared;
			sourceTree = "<group>";
		};
		CD9DA5E0257EA9700063EA39 /* Products */ = {
			isa = PBXGroup;
			children = (
				CD9DA5DF257EA9700063EA39 /* VaccineNow.app */,
				CD9DA5EF257EA9700063EA39 /* Tests iOS.xctest */,
			);
			name = Products;
			sourceTree = "<group>";
		};
		CD9DA5E1257EA9700063EA39 /* iOS */ = {
			isa = PBXGroup;
			children = (
				CD9DA5E2257EA9700063EA39 /* Info.plist */,
			);
			path = iOS;
			sourceTree = "<group>";
		};
		CD9DA5E8257EA9700063EA39 /* macOS */ = {
			isa = PBXGroup;
			children = (
				CD9DA5E9257EA9700063EA39 /* Info.plist */,
				CD9DA5EA257EA9700063EA39 /* macOS.entitlements */,
			);
			path = macOS;
			sourceTree = "<group>";
		};
		CD9DA5F2257EA9700063EA39 /* Tests iOS */ = {
			isa = PBXGroup;
			children = (
				CD9DA5F3257EA9700063EA39 /* Tests_iOS.swift */,
				CD9DA5F5257EA9700063EA39 /* Info.plist */,
			);
			path = "Tests iOS";
			sourceTree = "<group>";
		};
		CD9DA5FD257EA9700063EA39 /* Tests macOS */ = {
			isa = PBXGroup;
			children = (
				CD9DA5FE257EA9700063EA39 /* Tests_macOS.swift */,
				CD9DA600257EA9700063EA39 /* Info.plist */,
			);
			path = "Tests macOS";
			sourceTree = "<group>";
		};
/* End PBXGroup section */

/* Begin PBXNativeTarget section */
		CD9DA5DE257EA9700063EA39 /* VaccineNow (iOS) */ = {
			isa = PBXNativeTarget;
			buildConfigurationList = CD9DA609257EA9700063EA39 /* Build configuration list for PBXNativeTarget "VaccineNow (iOS)" */;
			buildPhases = (
				CD9DA5DB257EA9700063EA39 /* Sources */,
				CD9DA5DC257EA9700063EA39 /* Frameworks */,
				CD9DA5DD257EA9700063EA39 /* Resources */,
			);
			buildRules = (
			);
			dependencies = (
			);
			name = "VaccineNow (iOS)";
			productName = "VaccineNow (iOS)";
			productReference = CD9DA5DF257EA9700063EA39 /* VaccineNow.app */;
			productType = "com.apple.product-type.application";
		};
		CD9DA5EE257EA9700063EA39 /* Tests iOS */ = {
			isa = PBXNativeTarget;
			buildConfigurationList = CD9DA60F257EA9700063EA39 /* Build configuration list for PBXNativeTarget "Tests iOS" */;
			buildPhases = (
				CD9DA5EB257EA9700063EA39 /* Sources */,
				CD9DA5EC257EA9700063EA39 /* Frameworks */,
				CD9DA5ED257EA9700063EA39 /* Resources */,
			);
			buildRules = (
			);
			dependencies = (
				CD9DA5F1257EA9700063EA39 /* PBXTargetDependency */,
			);
			name = "Tests iOS";
			productName = "Tests iOS";
			productReference = CD9DA5EF257EA9700063EA39 /* Tests iOS.xctest */;
			productType = "com.apple.product-type.bundle.ui-testing";
		};
/* End PBXNativeTarget section */

/* Begin PBXProject section */
		CD9DA5D3257EA96F0063EA39 /* Project object */ = {
			isa = PBXProject;
			attributes = {
				LastSwiftUpdateCheck = 1220;
				LastUpgradeCheck = 1220;
				TargetAttributes = {
					CD9DA5DE257EA9700063EA39 = {
						CreatedOnToolsVersion = 12.2;
					};
					CD9DA5EE257EA9700063EA39 = {
						CreatedOnToolsVersion = 12.2;
						TestTargetID = CD9DA5DE257EA9700063EA39;
					};
				};
			};
			buildConfigurationList = CD9DA5D6257EA96F0063EA39 /* Build configuration list for PBXProject "VaccineNow" */;
			compatibilityVersion = "Xcode 9.3";
			developmentRegion = en;
			hasScannedForEncodings = 0;
			knownRegions = (
				en,
				Base,
			);
			mainGroup = CD9DA5D2257EA96F0063EA39;
			productRefGroup = CD9DA5E0257EA9700063EA39 /* Products */;
			projectDirPath = "";
			projectRoot = "";
			targets = (
				CD9DA5DE257EA9700063EA39 /* VaccineNow (iOS) */,
				CD9DA5EE257EA9700063EA39 /* Tests iOS */,
			);
		};
/* End PBXProject section */

/* Begin PBXResourcesBuildPhase section */
		CD9DA5DD257EA9700063EA39 /* Resources */ = {
			isa = PBXResourcesBuildPhase;
			buildActionMask = 2147483647;
			files = (
				CD9DA62225813BE20063EA39 /* Launch Screen.storyboard in Resources */,
				CD9DA605257EA9700063EA39 /* Assets.xcassets in Resources */,
			);
			runOnlyForDeploymentPostprocessing = 0;
		};
		CD9DA5ED257EA9700063EA39 /* Resources */ = {
			isa = PBXResourcesBuildPhase;
			buildActionMask = 2147483647;
			files = (
			);
			runOnlyForDeploymentPostprocessing = 0;
		};
/* End PBXResourcesBuildPhase section */

/* Begin PBXSourcesBuildPhase section */
		CD9DA5DB257EA9700063EA39 /* Sources */ = {
			isa = PBXSourcesBuildPhase;
			buildActionMask = 2147483647;
			files = (
				CD9DA603257EA9700063EA39 /* ContentView.swift in Sources */,
				CD9195A125FFC443007DC224 /* DetailView.swift in Sources */,
				CD78AE5C2583EC040089F798 /* MapView.swift in Sources */,
				CD91959B25FFBD59007DC224 /* ListView.swift in Sources */,
				CD9DA601257EA9700063EA39 /* VaccineNowApp.swift in Sources */,
				CD78AE56258178B70089F798 /* ZipcodeBindManager.swift in Sources */,
			);
			runOnlyForDeploymentPostprocessing = 0;
		};
		CD9DA5EB257EA9700063EA39 /* Sources */ = {
			isa = PBXSourcesBuildPhase;
			buildActionMask = 2147483647;
			files = (
				CD9DA5F4257EA9700063EA39 /* Tests_iOS.swift in Sources */,
			);
			runOnlyForDeploymentPostprocessing = 0;
		};
/* End PBXSourcesBuildPhase section */

/* Begin PBXTargetDependency section */
		CD9DA5F1257EA9700063EA39 /* PBXTargetDependency */ = {
			isa = PBXTargetDependency;
			target = CD9DA5DE257EA9700063EA39 /* VaccineNow (iOS) */;
			targetProxy = CD9DA5F0257EA9700063EA39 /* PBXContainerItemProxy */;
		};
/* End PBXTargetDependency section */

/* Begin XCBuildConfiguration section */
		CD9DA607257EA9700063EA39 /* Debug */ = {
			isa = XCBuildConfiguration;
			buildSettings = {
				ALWAYS_SEARCH_USER_PATHS = NO;
				CLANG_ANALYZER_NONNULL = YES;
				CLANG_ANALYZER_NUMBER_OBJECT_CONVERSION = YES_AGGRESSIVE;
				CLANG_CXX_LANGUAGE_STANDARD = "gnu++14";
				CLANG_CXX_LIBRARY = "libc++";
				CLANG_ENABLE_MODULES = YES;
				CLANG_ENABLE_OBJC_ARC = YES;
				CLANG_ENABLE_OBJC_WEAK = YES;
				CLANG_WARN_BLOCK_CAPTURE_AUTORELEASING = YES;
				CLANG_WARN_BOOL_CONVERSION = YES;
				CLANG_WARN_COMMA = YES;
				CLANG_WARN_CONSTANT_CONVERSION = YES;
				CLANG_WARN_DEPRECATED_OBJC_IMPLEMENTATIONS = YES;
				CLANG_WARN_DIRECT_OBJC_ISA_USAGE = YES_ERROR;
				CLANG_WARN_DOCUMENTATION_COMMENTS = YES;
				CLANG_WARN_EMPTY_BODY = YES;
				CLANG_WARN_ENUM_CONVERSION = YES;
				CLANG_WARN_INFINITE_RECURSION = YES;
				CLANG_WARN_INT_CONVERSION = YES;
				CLANG_WARN_NON_LITERAL_NULL_CONVERSION = YES;
				CLANG_WARN_OBJC_IMPLICIT_RETAIN_SELF = YES;
				CLANG_WARN_OBJC_LITERAL_CONVERSION = YES;
				CLANG_WARN_OBJC_ROOT_CLASS = YES_ERROR;
				CLANG_WARN_QUOTED_INCLUDE_IN_FRAMEWORK_HEADER = YES;
				CLANG_WARN_RANGE_LOOP_ANALYSIS = YES;
				CLANG_WARN_STRICT_PROTOTYPES = YES;
				CLANG_WARN_SUSPICIOUS_MOVE = YES;
				CLANG_WARN_UNGUARDED_AVAILABILITY = YES_AGGRESSIVE;
				CLANG_WARN_UNREACHABLE_CODE = YES;
				CLANG_WARN__DUPLICATE_METHOD_MATCH = YES;
				COPY_PHASE_STRIP = NO;
				DEBUG_INFORMATION_FORMAT = dwarf;
				ENABLE_STRICT_OBJC_MSGSEND = YES;
				ENABLE_TESTABILITY = YES;
				GCC_C_LANGUAGE_STANDARD = gnu11;
				GCC_DYNAMIC_NO_PIC = NO;
				GCC_NO_COMMON_BLOCKS = YES;
				GCC_OPTIMIZATION_LEVEL = 0;
				GCC_PREPROCESSOR_DEFINITIONS = (
					"DEBUG=1",
					"$(inherited)",
				);
				GCC_WARN_64_TO_32_BIT_CONVERSION = YES;
				GCC_WARN_ABOUT_RETURN_TYPE = YES_ERROR;
				GCC_WARN_UNDECLARED_SELECTOR = YES;
				GCC_WARN_UNINITIALIZED_AUTOS = YES_AGGRESSIVE;
				GCC_WARN_UNUSED_FUNCTION = YES;
				GCC_WARN_UNUSED_VARIABLE = YES;
				MTL_ENABLE_DEBUG_INFO = INCLUDE_SOURCE;
				MTL_FAST_MATH = YES;
				ONLY_ACTIVE_ARCH = YES;
				SWIFT_ACTIVE_COMPILATION_CONDITIONS = DEBUG;
				SWIFT_OPTIMIZATION_LEVEL = "-Onone";
			};
			name = Debug;
		};
		CD9DA608257EA9700063EA39 /* Release */ = {
			isa = XCBuildConfiguration;
			buildSettings = {
				ALWAYS_SEARCH_USER_PATHS = NO;
				CLANG_ANALYZER_NONNULL = YES;
				CLANG_ANALYZER_NUMBER_OBJECT_CONVERSION = YES_AGGRESSIVE;
				CLANG_CXX_LANGUAGE_STANDARD = "gnu++14";
				CLANG_CXX_LIBRARY = "libc++";
				CLANG_ENABLE_MODULES = YES;
				CLANG_ENABLE_OBJC_ARC = YES;
				CLANG_ENABLE_OBJC_WEAK = YES;
				CLANG_WARN_BLOCK_CAPTURE_AUTORELEASING = YES;
				CLANG_WARN_BOOL_CONVERSION = YES;
				CLANG_WARN_COMMA = YES;
				CLANG_WARN_CONSTANT_CONVERSION = YES;
				CLANG_WARN_DEPRECATED_OBJC_IMPLEMENTATIONS = YES;
				CLANG_WARN_DIRECT_OBJC_ISA_USAGE = YES_ERROR;
				CLANG_WARN_DOCUMENTATION_COMMENTS = YES;
				CLANG_WARN_EMPTY_BODY = YES;
				CLANG_WARN_ENUM_CONVERSION = YES;
				CLANG_WARN_INFINITE_RECURSION = YES;
				CLANG_WARN_INT_CONVERSION = YES;
				CLANG_WARN_NON_LITERAL_NULL_CONVERSION = YES;
				CLANG_WARN_OBJC_IMPLICIT_RETAIN_SELF = YES;
				CLANG_WARN_OBJC_LITERAL_CONVERSION = YES;
				CLANG_WARN_OBJC_ROOT_CLASS = YES_ERROR;
				CLANG_WARN_QUOTED_INCLUDE_IN_FRAMEWORK_HEADER = YES;
				CLANG_WARN_RANGE_LOOP_ANALYSIS = YES;
				CLANG_WARN_STRICT_PROTOTYPES = YES;
				CLANG_WARN_SUSPICIOUS_MOVE = YES;
				CLANG_WARN_UNGUARDED_AVAILABILITY = YES_AGGRESSIVE;
				CLANG_WARN_UNREACHABLE_CODE = YES;
				CLANG_WARN__DUPLICATE_METHOD_MATCH = YES;
				COPY_PHASE_STRIP = NO;
				DEBUG_INFORMATION_FORMAT = "dwarf-with-dsym";
				ENABLE_NS_ASSERTIONS = NO;
				ENABLE_STRICT_OBJC_MSGSEND = YES;
				GCC_C_LANGUAGE_STANDARD = gnu11;
				GCC_NO_COMMON_BLOCKS = YES;
				GCC_WARN_64_TO_32_BIT_CONVERSION = YES;
				GCC_WARN_ABOUT_RETURN_TYPE = YES_ERROR;
				GCC_WARN_UNDECLARED_SELECTOR = YES;
				GCC_WARN_UNINITIALIZED_AUTOS = YES_AGGRESSIVE;
				GCC_WARN_UNUSED_FUNCTION = YES;
				GCC_WARN_UNUSED_VARIABLE = YES;
				MTL_ENABLE_DEBUG_INFO = NO;
				MTL_FAST_MATH = YES;
				SWIFT_COMPILATION_MODE = wholemodule;
				SWIFT_OPTIMIZATION_LEVEL = "-O";
			};
			name = Release;
		};
		CD9DA60A257EA9700063EA39 /* Debug */ = {
			isa = XCBuildConfiguration;
			buildSettings = {
				ASSETCATALOG_COMPILER_APPICON_NAME = AppIcon;
				ASSETCATALOG_COMPILER_GLOBAL_ACCENT_COLOR_NAME = AccentColor;
				CODE_SIGN_STYLE = Automatic;
				ENABLE_PREVIEWS = YES;
				INFOPLIST_FILE = iOS/Info.plist;
				IPHONEOS_DEPLOYMENT_TARGET = 14.0;
				LD_RUNPATH_SEARCH_PATHS = (
					"$(inherited)",
					"@executable_path/Frameworks",
				);
				PRODUCT_BUNDLE_IDENTIFIER = com.kiquedev.VaccineNow;
				PRODUCT_NAME = VaccineNow;
				SDKROOT = iphoneos;
				SWIFT_VERSION = 5.0;
				TARGETED_DEVICE_FAMILY = "1,2";
			};
			name = Debug;
		};
		CD9DA60B257EA9700063EA39 /* Release */ = {
			isa = XCBuildConfiguration;
			buildSettings = {
				ASSETCATALOG_COMPILER_APPICON_NAME = AppIcon;
				ASSETCATALOG_COMPILER_GLOBAL_ACCENT_COLOR_NAME = AccentColor;
				CODE_SIGN_STYLE = Automatic;
				ENABLE_PREVIEWS = YES;
				INFOPLIST_FILE = iOS/Info.plist;
				IPHONEOS_DEPLOYMENT_TARGET = 14.0;
				LD_RUNPATH_SEARCH_PATHS = (
					"$(inherited)",
					"@executable_path/Frameworks",
				);
				PRODUCT_BUNDLE_IDENTIFIER = com.kiquedev.VaccineNow;
				PRODUCT_NAME = VaccineNow;
				SDKROOT = iphoneos;
				SWIFT_VERSION = 5.0;
				TARGETED_DEVICE_FAMILY = "1,2";
				VALIDATE_PRODUCT = YES;
			};
			name = Release;
		};
		CD9DA610257EA9700063EA39 /* Debug */ = {
			isa = XCBuildConfiguration;
			buildSettings = {
				ALWAYS_EMBED_SWIFT_STANDARD_LIBRARIES = YES;
				CODE_SIGN_STYLE = Automatic;
				INFOPLIST_FILE = "Tests iOS/Info.plist";
				IPHONEOS_DEPLOYMENT_TARGET = 14.2;
				LD_RUNPATH_SEARCH_PATHS = (
					"$(inherited)",
					"@executable_path/Frameworks",
					"@loader_path/Frameworks",
				);
				PRODUCT_BUNDLE_IDENTIFIER = "com.kiquedev.Tests-iOS";
				PRODUCT_NAME = "$(TARGET_NAME)";
				SDKROOT = iphoneos;
				SWIFT_VERSION = 5.0;
				TARGETED_DEVICE_FAMILY = "1,2";
				TEST_TARGET_NAME = "VaccineNow (iOS)";
			};
			name = Debug;
		};
		CD9DA611257EA9700063EA39 /* Release */ = {
			isa = XCBuildConfiguration;
			buildSettings = {
				ALWAYS_EMBED_SWIFT_STANDARD_LIBRARIES = YES;
				CODE_SIGN_STYLE = Automatic;
				INFOPLIST_FILE = "Tests iOS/Info.plist";
				IPHONEOS_DEPLOYMENT_TARGET = 14.2;
				LD_RUNPATH_SEARCH_PATHS = (
					"$(inherited)",
					"@executable_path/Frameworks",
					"@loader_path/Frameworks",
				);
				PRODUCT_BUNDLE_IDENTIFIER = "com.kiquedev.Tests-iOS";
				PRODUCT_NAME = "$(TARGET_NAME)";
				SDKROOT = iphoneos;
				SWIFT_VERSION = 5.0;
				TARGETED_DEVICE_FAMILY = "1,2";
				TEST_TARGET_NAME = "VaccineNow (iOS)";
				VALIDATE_PRODUCT = YES;
			};
			name = Release;
		};
/* End XCBuildConfiguration section */

/* Begin XCConfigurationList section */
		CD9DA5D6257EA96F0063EA39 /* Build configuration list for PBXProject "VaccineNow" */ = {
			isa = XCConfigurationList;
			buildConfigurations = (
				CD9DA607257EA9700063EA39 /* Debug */,
				CD9DA608257EA9700063EA39 /* Release */,
			);
			defaultConfigurationIsVisible = 0;
			defaultConfigurationName = Release;
		};
		CD9DA609257EA9700063EA39 /* Build configuration list for PBXNativeTarget "VaccineNow (iOS)" */ = {
			isa = XCConfigurationList;
			buildConfigurations = (
				CD9DA60A257EA9700063EA39 /* Debug */,
				CD9DA60B257EA9700063EA39 /* Release */,
			);
			defaultConfigurationIsVisible = 0;
			defaultConfigurationName = Release;
		};
		CD9DA60F257EA9700063EA39 /* Build configuration list for PBXNativeTarget "Tests iOS" */ = {
			isa = XCConfigurationList;
			buildConfigurations = (
				CD9DA610257EA9700063EA39 /* Debug */,
				CD9DA611257EA9700063EA39 /* Release */,
			);
			defaultConfigurationIsVisible = 0;
			defaultConfigurationName = Release;
		};
/* End XCConfigurationList section */
	};
	rootObject = CD9DA5D3257EA96F0063EA39 /* Project object */;
}
