// !$*UTF8*$!
{
	archiveVersion = 1;
	classes = {
	};
	objectVersion = 50;
	objects = {

/* Begin PBXBuildFile section */
		CDE133C0265E81B500E8D00C /* AppDelegate.swift in Sources */ = {isa = PBXBuildFile; fileRef = CDE133BF265E81B500E8D00C /* AppDelegate.swift */; };
		CDE133C2265E81B500E8D00C /* SceneDelegate.swift in Sources */ = {isa = PBXBuildFile; fileRef = CDE133C1265E81B500E8D00C /* SceneDelegate.swift */; };
		CDE133C6265E81B700E8D00C /* Assets.xcassets in Resources */ = {isa = PBXBuildFile; fileRef = CDE133C5265E81B700E8D00C /* Assets.xcassets */; };
		CDE133C9265E81B700E8D00C /* Preview Assets.xcassets in Resources */ = {isa = PBXBuildFile; fileRef = CDE133C8265E81B700E8D00C /* Preview Assets.xcassets */; };
		CDE133CC265E81B700E8D00C /* LaunchScreen.storyboard in Resources */ = {isa = PBXBuildFile; fileRef = CDE133CA265E81B700E8D00C /* LaunchScreen.storyboard */; };
		CDE133D7265E81B700E8D00C /* VaccineNowTests.swift in Sources */ = {isa = PBXBuildFile; fileRef = CDE133D6265E81B700E8D00C /* VaccineNowTests.swift */; };
		CDE133E2265E81B700E8D00C /* VaccineNowUITests.swift in Sources */ = {isa = PBXBuildFile; fileRef = CDE133E1265E81B700E8D00C /* VaccineNowUITests.swift */; };
		CDE1340B265E831700E8D00C /* ZipcodeBindManager.swift in Sources */ = {isa = PBXBuildFile; fileRef = CDE13404265E831700E8D00C /* ZipcodeBindManager.swift */; };
		CDE1340C265E831700E8D00C /* LocationManager.swift in Sources */ = {isa = PBXBuildFile; fileRef = CDE13405265E831700E8D00C /* LocationManager.swift */; };
		CDE1340D265E831700E8D00C /* DetailView.swift in Sources */ = {isa = PBXBuildFile; fileRef = CDE13407265E831700E8D00C /* DetailView.swift */; };
		CDE1340E265E831700E8D00C /* ListView.swift in Sources */ = {isa = PBXBuildFile; fileRef = CDE13408265E831700E8D00C /* ListView.swift */; };
		CDE13410265E831700E8D00C /* ContentView.swift in Sources */ = {isa = PBXBuildFile; fileRef = CDE1340A265E831700E8D00C /* ContentView.swift */; };
		CDE1341C265E892C00E8D00C /* Station.swift in Sources */ = {isa = PBXBuildFile; fileRef = CDE1341B265E892C00E8D00C /* Station.swift */; };
		CDE13424265E894500E8D00C /* Response.swift in Sources */ = {isa = PBXBuildFile; fileRef = CDE13423265E894500E8D00C /* Response.swift */; };
		CDE13429265E897100E8D00C /* APIService.swift in Sources */ = {isa = PBXBuildFile; fileRef = CDE13428265E897100E8D00C /* APIService.swift */; };
		CDE13431265E8A1E00E8D00C /* Location.swift in Sources */ = {isa = PBXBuildFile; fileRef = CDE13430265E8A1E00E8D00C /* Location.swift */; };
		CDE13443265E99B000E8D00C /* LoaderView.swift in Sources */ = {isa = PBXBuildFile; fileRef = CDE13442265E99B000E8D00C /* LoaderView.swift */; };
		CDE1344F265E9D1800E8D00C /* View+Extension.swift in Sources */ = {isa = PBXBuildFile; fileRef = CDE1344E265E9D1800E8D00C /* View+Extension.swift */; };
		CDE1345A265ED3C600E8D00C /* Marker.swift in Sources */ = {isa = PBXBuildFile; fileRef = CDE13459265ED3C600E8D00C /* Marker.swift */; };
/* End PBXBuildFile section */

/* Begin PBXContainerItemProxy section */
		CDE133D3265E81B700E8D00C /* PBXContainerItemProxy */ = {
			isa = PBXContainerItemProxy;
			containerPortal = CDE133B4265E81B500E8D00C /* Project object */;
			proxyType = 1;
			remoteGlobalIDString = CDE133BB265E81B500E8D00C;
			remoteInfo = VaccineNow;
		};
		CDE133DE265E81B700E8D00C /* PBXContainerItemProxy */ = {
			isa = PBXContainerItemProxy;
			containerPortal = CDE133B4265E81B500E8D00C /* Project object */;
			proxyType = 1;
			remoteGlobalIDString = CDE133BB265E81B500E8D00C;
			remoteInfo = VaccineNow;
		};
/* End PBXContainerItemProxy section */

/* Begin PBXFileReference section */
		CDE133BC265E81B500E8D00C /* VaccineNow.app */ = {isa = PBXFileReference; explicitFileType = wrapper.application; includeInIndex = 0; path = VaccineNow.app; sourceTree = BUILT_PRODUCTS_DIR; };
		CDE133BF265E81B500E8D00C /* AppDelegate.swift */ = {isa = PBXFileReference; lastKnownFileType = sourcecode.swift; path = AppDelegate.swift; sourceTree = "<group>"; };
		CDE133C1265E81B500E8D00C /* SceneDelegate.swift */ = {isa = PBXFileReference; lastKnownFileType = sourcecode.swift; path = SceneDelegate.swift; sourceTree = "<group>"; };
		CDE133C5265E81B700E8D00C /* Assets.xcassets */ = {isa = PBXFileReference; lastKnownFileType = folder.assetcatalog; path = Assets.xcassets; sourceTree = "<group>"; };
		CDE133C8265E81B700E8D00C /* Preview Assets.xcassets */ = {isa = PBXFileReference; lastKnownFileType = folder.assetcatalog; path = "Preview Assets.xcassets"; sourceTree = "<group>"; };
		CDE133CB265E81B700E8D00C /* Base */ = {isa = PBXFileReference; lastKnownFileType = file.storyboard; name = Base; path = Base.lproj/LaunchScreen.storyboard; sourceTree = "<group>"; };
		CDE133CD265E81B700E8D00C /* Info.plist */ = {isa = PBXFileReference; lastKnownFileType = text.plist.xml; path = Info.plist; sourceTree = "<group>"; };
		CDE133D2265E81B700E8D00C /* VaccineNowTests.xctest */ = {isa = PBXFileReference; explicitFileType = wrapper.cfbundle; includeInIndex = 0; path = VaccineNowTests.xctest; sourceTree = BUILT_PRODUCTS_DIR; };
		CDE133D6265E81B700E8D00C /* VaccineNowTests.swift */ = {isa = PBXFileReference; lastKnownFileType = sourcecode.swift; path = VaccineNowTests.swift; sourceTree = "<group>"; };
		CDE133D8265E81B700E8D00C /* Info.plist */ = {isa = PBXFileReference; lastKnownFileType = text.plist.xml; path = Info.plist; sourceTree = "<group>"; };
		CDE133DD265E81B700E8D00C /* VaccineNowUITests.xctest */ = {isa = PBXFileReference; explicitFileType = wrapper.cfbundle; includeInIndex = 0; path = VaccineNowUITests.xctest; sourceTree = BUILT_PRODUCTS_DIR; };
		CDE133E1265E81B700E8D00C /* VaccineNowUITests.swift */ = {isa = PBXFileReference; lastKnownFileType = sourcecode.swift; path = VaccineNowUITests.swift; sourceTree = "<group>"; };
		CDE133E3265E81B700E8D00C /* Info.plist */ = {isa = PBXFileReference; lastKnownFileType = text.plist.xml; path = Info.plist; sourceTree = "<group>"; };
		CDE13404265E831700E8D00C /* ZipcodeBindManager.swift */ = {isa = PBXFileReference; fileEncoding = 4; lastKnownFileType = sourcecode.swift; path = ZipcodeBindManager.swift; sourceTree = "<group>"; };
		CDE13405265E831700E8D00C /* LocationManager.swift */ = {isa = PBXFileReference; fileEncoding = 4; lastKnownFileType = sourcecode.swift; path = LocationManager.swift; sourceTree = "<group>"; };
		CDE13407265E831700E8D00C /* DetailView.swift */ = {isa = PBXFileReference; fileEncoding = 4; lastKnownFileType = sourcecode.swift; path = DetailView.swift; sourceTree = "<group>"; };
		CDE13408265E831700E8D00C /* ListView.swift */ = {isa = PBXFileReference; fileEncoding = 4; lastKnownFileType = sourcecode.swift; path = ListView.swift; sourceTree = "<group>"; };
		CDE1340A265E831700E8D00C /* ContentView.swift */ = {isa = PBXFileReference; fileEncoding = 4; lastKnownFileType = sourcecode.swift; path = ContentView.swift; sourceTree = "<group>"; };
		CDE1341B265E892C00E8D00C /* Station.swift */ = {isa = PBXFileReference; lastKnownFileType = sourcecode.swift; path = Station.swift; sourceTree = "<group>"; };
		CDE13423265E894500E8D00C /* Response.swift */ = {isa = PBXFileReference; lastKnownFileType = sourcecode.swift; path = Response.swift; sourceTree = "<group>"; };
		CDE13428265E897100E8D00C /* APIService.swift */ = {isa = PBXFileReference; lastKnownFileType = sourcecode.swift; path = APIService.swift; sourceTree = "<group>"; };
		CDE13430265E8A1E00E8D00C /* Location.swift */ = {isa = PBXFileReference; lastKnownFileType = sourcecode.swift; path = Location.swift; sourceTree = "<group>"; };
		CDE13442265E99B000E8D00C /* LoaderView.swift */ = {isa = PBXFileReference; lastKnownFileType = sourcecode.swift; path = LoaderView.swift; sourceTree = "<group>"; };
		CDE1344E265E9D1800E8D00C /* View+Extension.swift */ = {isa = PBXFileReference; lastKnownFileType = sourcecode.swift; path = "View+Extension.swift"; sourceTree = "<group>"; };
		CDE13459265ED3C600E8D00C /* Marker.swift */ = {isa = PBXFileReference; lastKnownFileType = sourcecode.swift; path = Marker.swift; sourceTree = "<group>"; };
/* End PBXFileReference section */

/* Begin PBXFrameworksBuildPhase section */
		CDE133B9265E81B500E8D00C /* Frameworks */ = {
			isa = PBXFrameworksBuildPhase;
			buildActionMask = 2147483647;
			files = (
			);
			runOnlyForDeploymentPostprocessing = 0;
		};
		CDE133CF265E81B700E8D00C /* Frameworks */ = {
			isa = PBXFrameworksBuildPhase;
			buildActionMask = 2147483647;
			files = (
			);
			runOnlyForDeploymentPostprocessing = 0;
		};
		CDE133DA265E81B700E8D00C /* Frameworks */ = {
			isa = PBXFrameworksBuildPhase;
			buildActionMask = 2147483647;
			files = (
			);
			runOnlyForDeploymentPostprocessing = 0;
		};
/* End PBXFrameworksBuildPhase section */

/* Begin PBXGroup section */
		CDE133B3265E81B500E8D00C = {
			isa = PBXGroup;
			children = (
				CDE133BE265E81B500E8D00C /* VaccineNow */,
				CDE133D5265E81B700E8D00C /* VaccineNowTests */,
				CDE133E0265E81B700E8D00C /* VaccineNowUITests */,
				CDE133BD265E81B500E8D00C /* Products */,
			);
			sourceTree = "<group>";
		};
		CDE133BD265E81B500E8D00C /* Products */ = {
			isa = PBXGroup;
			children = (
				CDE133BC265E81B500E8D00C /* VaccineNow.app */,
				CDE133D2265E81B700E8D00C /* VaccineNowTests.xctest */,
				CDE133DD265E81B700E8D00C /* VaccineNowUITests.xctest */,
			);
			name = Products;
			sourceTree = "<group>";
		};
		CDE133BE265E81B500E8D00C /* VaccineNow */ = {
			isa = PBXGroup;
			children = (
				CDE133BF265E81B500E8D00C /* AppDelegate.swift */,
				CDE133C1265E81B500E8D00C /* SceneDelegate.swift */,
				CDE1344D265E9D0300E8D00C /* Extensions */,
				CDE1341A265E891300E8D00C /* Models */,
				CDE13402265E82FE00E8D00C /* APIService */,
				CDE13403265E831700E8D00C /* Managers */,
				CDE13406265E831700E8D00C /* Views */,
				CDE133C5265E81B700E8D00C /* Assets.xcassets */,
				CDE133CA265E81B700E8D00C /* LaunchScreen.storyboard */,
				CDE133CD265E81B700E8D00C /* Info.plist */,
				CDE133C7265E81B700E8D00C /* Preview Content */,
			);
			path = VaccineNow;
			sourceTree = "<group>";
		};
		CDE133C7265E81B700E8D00C /* Preview Content */ = {
			isa = PBXGroup;
			children = (
				CDE133C8265E81B700E8D00C /* Preview Assets.xcassets */,
			);
			path = "Preview Content";
			sourceTree = "<group>";
		};
		CDE133D5265E81B700E8D00C /* VaccineNowTests */ = {
			isa = PBXGroup;
			children = (
				CDE133D6265E81B700E8D00C /* VaccineNowTests.swift */,
				CDE133D8265E81B700E8D00C /* Info.plist */,
			);
			path = VaccineNowTests;
			sourceTree = "<group>";
		};
		CDE133E0265E81B700E8D00C /* VaccineNowUITests */ = {
			isa = PBXGroup;
			children = (
				CDE133E1265E81B700E8D00C /* VaccineNowUITests.swift */,
				CDE133E3265E81B700E8D00C /* Info.plist */,
			);
			path = VaccineNowUITests;
			sourceTree = "<group>";
		};
		CDE13402265E82FE00E8D00C /* APIService */ = {
			isa = PBXGroup;
			children = (
				CDE13428265E897100E8D00C /* APIService.swift */,
			);
			path = APIService;
			sourceTree = "<group>";
		};
		CDE13403265E831700E8D00C /* Managers */ = {
			isa = PBXGroup;
			children = (
				CDE13404265E831700E8D00C /* ZipcodeBindManager.swift */,
				CDE13405265E831700E8D00C /* LocationManager.swift */,
			);
			path = Managers;
			sourceTree = "<group>";
		};
		CDE13406265E831700E8D00C /* Views */ = {
			isa = PBXGroup;
			children = (
				CDE13441265E99A300E8D00C /* LoaderView */,
				CDE1340A265E831700E8D00C /* ContentView.swift */,
				CDE13408265E831700E8D00C /* ListView.swift */,
				CDE13407265E831700E8D00C /* DetailView.swift */,
			);
			path = Views;
			sourceTree = "<group>";
		};
		CDE1341A265E891300E8D00C /* Models */ = {
			isa = PBXGroup;
			children = (
				CDE1341B265E892C00E8D00C /* Station.swift */,
				CDE13423265E894500E8D00C /* Response.swift */,
				CDE13430265E8A1E00E8D00C /* Location.swift */,
				CDE13459265ED3C600E8D00C /* Marker.swift */,
			);
			path = Models;
			sourceTree = "<group>";
		};
		CDE13441265E99A300E8D00C /* LoaderView */ = {
			isa = PBXGroup;
			children = (
				CDE13442265E99B000E8D00C /* LoaderView.swift */,
			);
			path = LoaderView;
			sourceTree = "<group>";
		};
		CDE1344D265E9D0300E8D00C /* Extensions */ = {
			isa = PBXGroup;
			children = (
				CDE1344E265E9D1800E8D00C /* View+Extension.swift */,
			);
			path = Extensions;
			sourceTree = "<group>";
		};
/* End PBXGroup section */

/* Begin PBXNativeTarget section */
		CDE133BB265E81B500E8D00C /* VaccineNow */ = {
			isa = PBXNativeTarget;
			buildConfigurationList = CDE133E6265E81B700E8D00C /* Build configuration list for PBXNativeTarget "VaccineNow" */;
			buildPhases = (
				CDE133B8265E81B500E8D00C /* Sources */,
				CDE133B9265E81B500E8D00C /* Frameworks */,
				CDE133BA265E81B500E8D00C /* Resources */,
			);
			buildRules = (
			);
			dependencies = (
			);
			name = VaccineNow;
			productName = VaccineNow;
			productReference = CDE133BC265E81B500E8D00C /* VaccineNow.app */;
			productType = "com.apple.product-type.application";
		};
		CDE133D1265E81B700E8D00C /* VaccineNowTests */ = {
			isa = PBXNativeTarget;
			buildConfigurationList = CDE133E9265E81B700E8D00C /* Build configuration list for PBXNativeTarget "VaccineNowTests" */;
			buildPhases = (
				CDE133CE265E81B700E8D00C /* Sources */,
				CDE133CF265E81B700E8D00C /* Frameworks */,
				CDE133D0265E81B700E8D00C /* Resources */,
			);
			buildRules = (
			);
			dependencies = (
				CDE133D4265E81B700E8D00C /* PBXTargetDependency */,
			);
			name = VaccineNowTests;
			productName = VaccineNowTests;
			productReference = CDE133D2265E81B700E8D00C /* VaccineNowTests.xctest */;
			productType = "com.apple.product-type.bundle.unit-test";
		};
		CDE133DC265E81B700E8D00C /* VaccineNowUITests */ = {
			isa = PBXNativeTarget;
			buildConfigurationList = CDE133EC265E81B700E8D00C /* Build configuration list for PBXNativeTarget "VaccineNowUITests" */;
			buildPhases = (
				CDE133D9265E81B700E8D00C /* Sources */,
				CDE133DA265E81B700E8D00C /* Frameworks */,
				CDE133DB265E81B700E8D00C /* Resources */,
			);
			buildRules = (
			);
			dependencies = (
				CDE133DF265E81B700E8D00C /* PBXTargetDependency */,
			);
			name = VaccineNowUITests;
			productName = VaccineNowUITests;
			productReference = CDE133DD265E81B700E8D00C /* VaccineNowUITests.xctest */;
			productType = "com.apple.product-type.bundle.ui-testing";
		};
/* End PBXNativeTarget section */

/* Begin PBXProject section */
		CDE133B4265E81B500E8D00C /* Project object */ = {
			isa = PBXProject;
			attributes = {
				LastSwiftUpdateCheck = 1230;
				LastUpgradeCheck = 1230;
				TargetAttributes = {
					CDE133BB265E81B500E8D00C = {
						CreatedOnToolsVersion = 12.3;
					};
					CDE133D1265E81B700E8D00C = {
						CreatedOnToolsVersion = 12.3;
						TestTargetID = CDE133BB265E81B500E8D00C;
					};
					CDE133DC265E81B700E8D00C = {
						CreatedOnToolsVersion = 12.3;
						TestTargetID = CDE133BB265E81B500E8D00C;
					};
				};
			};
			buildConfigurationList = CDE133B7265E81B500E8D00C /* Build configuration list for PBXProject "VaccineNow" */;
			compatibilityVersion = "Xcode 9.3";
			developmentRegion = en;
			hasScannedForEncodings = 0;
			knownRegions = (
				en,
				Base,
			);
			mainGroup = CDE133B3265E81B500E8D00C;
			productRefGroup = CDE133BD265E81B500E8D00C /* Products */;
			projectDirPath = "";
			projectRoot = "";
			targets = (
				CDE133BB265E81B500E8D00C /* VaccineNow */,
				CDE133D1265E81B700E8D00C /* VaccineNowTests */,
				CDE133DC265E81B700E8D00C /* VaccineNowUITests */,
			);
		};
/* End PBXProject section */

/* Begin PBXResourcesBuildPhase section */
		CDE133BA265E81B500E8D00C /* Resources */ = {
			isa = PBXResourcesBuildPhase;
			buildActionMask = 2147483647;
			files = (
				CDE133CC265E81B700E8D00C /* LaunchScreen.storyboard in Resources */,
				CDE133C9265E81B700E8D00C /* Preview Assets.xcassets in Resources */,
				CDE133C6265E81B700E8D00C /* Assets.xcassets in Resources */,
			);
			runOnlyForDeploymentPostprocessing = 0;
		};
		CDE133D0265E81B700E8D00C /* Resources */ = {
			isa = PBXResourcesBuildPhase;
			buildActionMask = 2147483647;
			files = (
			);
			runOnlyForDeploymentPostprocessing = 0;
		};
		CDE133DB265E81B700E8D00C /* Resources */ = {
			isa = PBXResourcesBuildPhase;
			buildActionMask = 2147483647;
			files = (
			);
			runOnlyForDeploymentPostprocessing = 0;
		};
/* End PBXResourcesBuildPhase section */

/* Begin PBXSourcesBuildPhase section */
		CDE133B8265E81B500E8D00C /* Sources */ = {
			isa = PBXSourcesBuildPhase;
			buildActionMask = 2147483647;
			files = (
				CDE133C0265E81B500E8D00C /* AppDelegate.swift in Sources */,
				CDE13431265E8A1E00E8D00C /* Location.swift in Sources */,
				CDE1341C265E892C00E8D00C /* Station.swift in Sources */,
				CDE1340D265E831700E8D00C /* DetailView.swift in Sources */,
				CDE13429265E897100E8D00C /* APIService.swift in Sources */,
				CDE13443265E99B000E8D00C /* LoaderView.swift in Sources */,
				CDE13424265E894500E8D00C /* Response.swift in Sources */,
				CDE1340B265E831700E8D00C /* ZipcodeBindManager.swift in Sources */,
				CDE1340E265E831700E8D00C /* ListView.swift in Sources */,
				CDE13410265E831700E8D00C /* ContentView.swift in Sources */,
				CDE1344F265E9D1800E8D00C /* View+Extension.swift in Sources */,
				CDE1340C265E831700E8D00C /* LocationManager.swift in Sources */,
				CDE133C2265E81B500E8D00C /* SceneDelegate.swift in Sources */,
				CDE1345A265ED3C600E8D00C /* Marker.swift in Sources */,
			);
			runOnlyForDeploymentPostprocessing = 0;
		};
		CDE133CE265E81B700E8D00C /* Sources */ = {
			isa = PBXSourcesBuildPhase;
			buildActionMask = 2147483647;
			files = (
				CDE133D7265E81B700E8D00C /* VaccineNowTests.swift in Sources */,
			);
			runOnlyForDeploymentPostprocessing = 0;
		};
		CDE133D9265E81B700E8D00C /* Sources */ = {
			isa = PBXSourcesBuildPhase;
			buildActionMask = 2147483647;
			files = (
				CDE133E2265E81B700E8D00C /* VaccineNowUITests.swift in Sources */,
			);
			runOnlyForDeploymentPostprocessing = 0;
		};
/* End PBXSourcesBuildPhase section */

/* Begin PBXTargetDependency section */
		CDE133D4265E81B700E8D00C /* PBXTargetDependency */ = {
			isa = PBXTargetDependency;
			target = CDE133BB265E81B500E8D00C /* VaccineNow */;
			targetProxy = CDE133D3265E81B700E8D00C /* PBXContainerItemProxy */;
		};
		CDE133DF265E81B700E8D00C /* PBXTargetDependency */ = {
			isa = PBXTargetDependency;
			target = CDE133BB265E81B500E8D00C /* VaccineNow */;
			targetProxy = CDE133DE265E81B700E8D00C /* PBXContainerItemProxy */;
		};
/* End PBXTargetDependency section */

/* Begin PBXVariantGroup section */
		CDE133CA265E81B700E8D00C /* LaunchScreen.storyboard */ = {
			isa = PBXVariantGroup;
			children = (
				CDE133CB265E81B700E8D00C /* Base */,
			);
			name = LaunchScreen.storyboard;
			sourceTree = "<group>";
		};
/* End PBXVariantGroup section */

/* Begin XCBuildConfiguration section */
		CDE133E4265E81B700E8D00C /* Debug */ = {
			isa = XCBuildConfiguration;
			buildSettings = {
				ALWAYS_SEARCH_USER_PATHS = NO;
				CLANG_ANALYZER_NONNULL = YES;
				CLANG_ANALYZER_NUMBER_OBJECT_CONVERSION = YES_AGGRESSIVE;
				CLANG_CXX_LANGUAGE_STANDARD = "gnu++14";
				CLANG_CXX_LIBRARY = "libc++";
				CLANG_ENABLE_MODULES = YES;
				CLANG_ENABLE_OBJC_ARC = YES;
				CLANG_ENABLE_OBJC_WEAK = YES;
				CLANG_WARN_BLOCK_CAPTURE_AUTORELEASING = YES;
				CLANG_WARN_BOOL_CONVERSION = YES;
				CLANG_WARN_COMMA = YES;
				CLANG_WARN_CONSTANT_CONVERSION = YES;
				CLANG_WARN_DEPRECATED_OBJC_IMPLEMENTATIONS = YES;
				CLANG_WARN_DIRECT_OBJC_ISA_USAGE = YES_ERROR;
				CLANG_WARN_DOCUMENTATION_COMMENTS = YES;
				CLANG_WARN_EMPTY_BODY = YES;
				CLANG_WARN_ENUM_CONVERSION = YES;
				CLANG_WARN_INFINITE_RECURSION = YES;
				CLANG_WARN_INT_CONVERSION = YES;
				CLANG_WARN_NON_LITERAL_NULL_CONVERSION = YES;
				CLANG_WARN_OBJC_IMPLICIT_RETAIN_SELF = YES;
				CLANG_WARN_OBJC_LITERAL_CONVERSION = YES;
				CLANG_WARN_OBJC_ROOT_CLASS = YES_ERROR;
				CLANG_WARN_QUOTED_INCLUDE_IN_FRAMEWORK_HEADER = YES;
				CLANG_WARN_RANGE_LOOP_ANALYSIS = YES;
				CLANG_WARN_STRICT_PROTOTYPES = YES;
				CLANG_WARN_SUSPICIOUS_MOVE = YES;
				CLANG_WARN_UNGUARDED_AVAILABILITY = YES_AGGRESSIVE;
				CLANG_WARN_UNREACHABLE_CODE = YES;
				CLANG_WARN__DUPLICATE_METHOD_MATCH = YES;
				COPY_PHASE_STRIP = NO;
				DEBUG_INFORMATION_FORMAT = dwarf;
				ENABLE_STRICT_OBJC_MSGSEND = YES;
				ENABLE_TESTABILITY = YES;
				GCC_C_LANGUAGE_STANDARD = gnu11;
				GCC_DYNAMIC_NO_PIC = NO;
				GCC_NO_COMMON_BLOCKS = YES;
				GCC_OPTIMIZATION_LEVEL = 0;
				GCC_PREPROCESSOR_DEFINITIONS = (
					"DEBUG=1",
					"$(inherited)",
				);
				GCC_WARN_64_TO_32_BIT_CONVERSION = YES;
				GCC_WARN_ABOUT_RETURN_TYPE = YES_ERROR;
				GCC_WARN_UNDECLARED_SELECTOR = YES;
				GCC_WARN_UNINITIALIZED_AUTOS = YES_AGGRESSIVE;
				GCC_WARN_UNUSED_FUNCTION = YES;
				GCC_WARN_UNUSED_VARIABLE = YES;
				IPHONEOS_DEPLOYMENT_TARGET = 14.3;
				MTL_ENABLE_DEBUG_INFO = INCLUDE_SOURCE;
				MTL_FAST_MATH = YES;
				ONLY_ACTIVE_ARCH = YES;
				SDKROOT = iphoneos;
				SWIFT_ACTIVE_COMPILATION_CONDITIONS = DEBUG;
				SWIFT_OPTIMIZATION_LEVEL = "-Onone";
			};
			name = Debug;
		};
		CDE133E5265E81B700E8D00C /* Release */ = {
			isa = XCBuildConfiguration;
			buildSettings = {
				ALWAYS_SEARCH_USER_PATHS = NO;
				CLANG_ANALYZER_NONNULL = YES;
				CLANG_ANALYZER_NUMBER_OBJECT_CONVERSION = YES_AGGRESSIVE;
				CLANG_CXX_LANGUAGE_STANDARD = "gnu++14";
				CLANG_CXX_LIBRARY = "libc++";
				CLANG_ENABLE_MODULES = YES;
				CLANG_ENABLE_OBJC_ARC = YES;
				CLANG_ENABLE_OBJC_WEAK = YES;
				CLANG_WARN_BLOCK_CAPTURE_AUTORELEASING = YES;
				CLANG_WARN_BOOL_CONVERSION = YES;
				CLANG_WARN_COMMA = YES;
				CLANG_WARN_CONSTANT_CONVERSION = YES;
				CLANG_WARN_DEPRECATED_OBJC_IMPLEMENTATIONS = YES;
				CLANG_WARN_DIRECT_OBJC_ISA_USAGE = YES_ERROR;
				CLANG_WARN_DOCUMENTATION_COMMENTS = YES;
				CLANG_WARN_EMPTY_BODY = YES;
				CLANG_WARN_ENUM_CONVERSION = YES;
				CLANG_WARN_INFINITE_RECURSION = YES;
				CLANG_WARN_INT_CONVERSION = YES;
				CLANG_WARN_NON_LITERAL_NULL_CONVERSION = YES;
				CLANG_WARN_OBJC_IMPLICIT_RETAIN_SELF = YES;
				CLANG_WARN_OBJC_LITERAL_CONVERSION = YES;
				CLANG_WARN_OBJC_ROOT_CLASS = YES_ERROR;
				CLANG_WARN_QUOTED_INCLUDE_IN_FRAMEWORK_HEADER = YES;
				CLANG_WARN_RANGE_LOOP_ANALYSIS = YES;
				CLANG_WARN_STRICT_PROTOTYPES = YES;
				CLANG_WARN_SUSPICIOUS_MOVE = YES;
				CLANG_WARN_UNGUARDED_AVAILABILITY = YES_AGGRESSIVE;
				CLANG_WARN_UNREACHABLE_CODE = YES;
				CLANG_WARN__DUPLICATE_METHOD_MATCH = YES;
				COPY_PHASE_STRIP = NO;
				DEBUG_INFORMATION_FORMAT = "dwarf-with-dsym";
				ENABLE_NS_ASSERTIONS = NO;
				ENABLE_STRICT_OBJC_MSGSEND = YES;
				GCC_C_LANGUAGE_STANDARD = gnu11;
				GCC_NO_COMMON_BLOCKS = YES;
				GCC_WARN_64_TO_32_BIT_CONVERSION = YES;
				GCC_WARN_ABOUT_RETURN_TYPE = YES_ERROR;
				GCC_WARN_UNDECLARED_SELECTOR = YES;
				GCC_WARN_UNINITIALIZED_AUTOS = YES_AGGRESSIVE;
				GCC_WARN_UNUSED_FUNCTION = YES;
				GCC_WARN_UNUSED_VARIABLE = YES;
				IPHONEOS_DEPLOYMENT_TARGET = 14.3;
				MTL_ENABLE_DEBUG_INFO = NO;
				MTL_FAST_MATH = YES;
				SDKROOT = iphoneos;
				SWIFT_COMPILATION_MODE = wholemodule;
				SWIFT_OPTIMIZATION_LEVEL = "-O";
				VALIDATE_PRODUCT = YES;
			};
			name = Release;
		};
		CDE133E7265E81B700E8D00C /* Debug */ = {
			isa = XCBuildConfiguration;
			buildSettings = {
				ASSETCATALOG_COMPILER_APPICON_NAME = AppIcon;
				ASSETCATALOG_COMPILER_GLOBAL_ACCENT_COLOR_NAME = AccentColor;
				CODE_SIGN_IDENTITY = "Apple Development";
				CODE_SIGN_STYLE = Automatic;
				DEVELOPMENT_ASSET_PATHS = "\"VaccineNow/Preview Content\"";
				DEVELOPMENT_TEAM = 29WQ2MH7UQ;
				ENABLE_PREVIEWS = YES;
				INFOPLIST_FILE = VaccineNow/Info.plist;
				LD_RUNPATH_SEARCH_PATHS = (
					"$(inherited)",
					"@executable_path/Frameworks",
				);
				PRODUCT_BUNDLE_IDENTIFIER = com.kiquedev.VaccineNow;
				PRODUCT_NAME = "$(TARGET_NAME)";
				PROVISIONING_PROFILE_SPECIFIER = "";
				SWIFT_VERSION = 5.0;
				TARGETED_DEVICE_FAMILY = "1,2";
			};
			name = Debug;
		};
		CDE133E8265E81B700E8D00C /* Release */ = {
			isa = XCBuildConfiguration;
			buildSettings = {
				ASSETCATALOG_COMPILER_APPICON_NAME = AppIcon;
				ASSETCATALOG_COMPILER_GLOBAL_ACCENT_COLOR_NAME = AccentColor;
				CODE_SIGN_IDENTITY = "Apple Development";
				CODE_SIGN_STYLE = Automatic;
				DEVELOPMENT_ASSET_PATHS = "\"VaccineNow/Preview Content\"";
				DEVELOPMENT_TEAM = 29WQ2MH7UQ;
				ENABLE_PREVIEWS = YES;
				INFOPLIST_FILE = VaccineNow/Info.plist;
				LD_RUNPATH_SEARCH_PATHS = (
					"$(inherited)",
					"@executable_path/Frameworks",
				);
				PRODUCT_BUNDLE_IDENTIFIER = com.kiquedev.VaccineNow;
				PRODUCT_NAME = "$(TARGET_NAME)";
				PROVISIONING_PROFILE_SPECIFIER = "";
				SWIFT_VERSION = 5.0;
				TARGETED_DEVICE_FAMILY = "1,2";
			};
			name = Release;
		};
		CDE133EA265E81B700E8D00C /* Debug */ = {
			isa = XCBuildConfiguration;
			buildSettings = {
				ALWAYS_EMBED_SWIFT_STANDARD_LIBRARIES = YES;
				BUNDLE_LOADER = "$(TEST_HOST)";
				CODE_SIGN_STYLE = Automatic;
				INFOPLIST_FILE = VaccineNowTests/Info.plist;
				IPHONEOS_DEPLOYMENT_TARGET = 14.3;
				LD_RUNPATH_SEARCH_PATHS = (
					"$(inherited)",
					"@executable_path/Frameworks",
					"@loader_path/Frameworks",
				);
				PRODUCT_BUNDLE_IDENTIFIER = com.kiquedev.VaccineNowTests;
				PRODUCT_NAME = "$(TARGET_NAME)";
				SWIFT_VERSION = 5.0;
				TARGETED_DEVICE_FAMILY = "1,2";
				TEST_HOST = "$(BUILT_PRODUCTS_DIR)/VaccineNow.app/VaccineNow";
			};
			name = Debug;
		};
		CDE133EB265E81B700E8D00C /* Release */ = {
			isa = XCBuildConfiguration;
			buildSettings = {
				ALWAYS_EMBED_SWIFT_STANDARD_LIBRARIES = YES;
				BUNDLE_LOADER = "$(TEST_HOST)";
				CODE_SIGN_STYLE = Automatic;
				INFOPLIST_FILE = VaccineNowTests/Info.plist;
				IPHONEOS_DEPLOYMENT_TARGET = 14.3;
				LD_RUNPATH_SEARCH_PATHS = (
					"$(inherited)",
					"@executable_path/Frameworks",
					"@loader_path/Frameworks",
				);
				PRODUCT_BUNDLE_IDENTIFIER = com.kiquedev.VaccineNowTests;
				PRODUCT_NAME = "$(TARGET_NAME)";
				SWIFT_VERSION = 5.0;
				TARGETED_DEVICE_FAMILY = "1,2";
				TEST_HOST = "$(BUILT_PRODUCTS_DIR)/VaccineNow.app/VaccineNow";
			};
			name = Release;
		};
		CDE133ED265E81B700E8D00C /* Debug */ = {
			isa = XCBuildConfiguration;
			buildSettings = {
				ALWAYS_EMBED_SWIFT_STANDARD_LIBRARIES = YES;
				CODE_SIGN_STYLE = Automatic;
				INFOPLIST_FILE = VaccineNowUITests/Info.plist;
				LD_RUNPATH_SEARCH_PATHS = (
					"$(inherited)",
					"@executable_path/Frameworks",
					"@loader_path/Frameworks",
				);
				PRODUCT_BUNDLE_IDENTIFIER = com.kiquedev.VaccineNowUITests;
				PRODUCT_NAME = "$(TARGET_NAME)";
				SWIFT_VERSION = 5.0;
				TARGETED_DEVICE_FAMILY = "1,2";
				TEST_TARGET_NAME = VaccineNow;
			};
			name = Debug;
		};
		CDE133EE265E81B700E8D00C /* Release */ = {
			isa = XCBuildConfiguration;
			buildSettings = {
				ALWAYS_EMBED_SWIFT_STANDARD_LIBRARIES = YES;
				CODE_SIGN_STYLE = Automatic;
				INFOPLIST_FILE = VaccineNowUITests/Info.plist;
				LD_RUNPATH_SEARCH_PATHS = (
					"$(inherited)",
					"@executable_path/Frameworks",
					"@loader_path/Frameworks",
				);
				PRODUCT_BUNDLE_IDENTIFIER = com.kiquedev.VaccineNowUITests;
				PRODUCT_NAME = "$(TARGET_NAME)";
				SWIFT_VERSION = 5.0;
				TARGETED_DEVICE_FAMILY = "1,2";
				TEST_TARGET_NAME = VaccineNow;
			};
			name = Release;
		};
/* End XCBuildConfiguration section */

/* Begin XCConfigurationList section */
		CDE133B7265E81B500E8D00C /* Build configuration list for PBXProject "VaccineNow" */ = {
			isa = XCConfigurationList;
			buildConfigurations = (
				CDE133E4265E81B700E8D00C /* Debug */,
				CDE133E5265E81B700E8D00C /* Release */,
			);
			defaultConfigurationIsVisible = 0;
			defaultConfigurationName = Release;
		};
		CDE133E6265E81B700E8D00C /* Build configuration list for PBXNativeTarget "VaccineNow" */ = {
			isa = XCConfigurationList;
			buildConfigurations = (
				CDE133E7265E81B700E8D00C /* Debug */,
				CDE133E8265E81B700E8D00C /* Release */,
			);
			defaultConfigurationIsVisible = 0;
			defaultConfigurationName = Release;
		};
		CDE133E9265E81B700E8D00C /* Build configuration list for PBXNativeTarget "VaccineNowTests" */ = {
			isa = XCConfigurationList;
			buildConfigurations = (
				CDE133EA265E81B700E8D00C /* Debug */,
				CDE133EB265E81B700E8D00C /* Release */,
			);
			defaultConfigurationIsVisible = 0;
			defaultConfigurationName = Release;
		};
		CDE133EC265E81B700E8D00C /* Build configuration list for PBXNativeTarget "VaccineNowUITests" */ = {
			isa = XCConfigurationList;
			buildConfigurations = (
				CDE133ED265E81B700E8D00C /* Debug */,
				CDE133EE265E81B700E8D00C /* Release */,
			);
			defaultConfigurationIsVisible = 0;
			defaultConfigurationName = Release;
		};
/* End XCConfigurationList section */
	};
	rootObject = CDE133B4265E81B500E8D00C /* Project object */;
}
